
Microsoft Visual Studio Solution File, Format Version 12.00
# Visual Studio Version 16
VisualStudioVersion = 16.0.31702.278
MinimumVisualStudioVersion = 10.0.40219.1
Project("{8BC9CEB8-8B4A-11D0-8D11-00A0C91BC942}") = "Number symbols in string", "Number symbols in string\Number symbols in string.vcxproj", "{A9FAE15D-BBC7-4B8F-A220-5542FD0CAECD}"
EndProject
Global
	GlobalSection(SolutionConfigurationPlatforms) = preSolution
		Debug|x64 = Debug|x64
		Debug|x86 = Debug|x86
		Release|x64 = Release|x64
		Release|x86 = Release|x86
	EndGlobalSection
	GlobalSection(ProjectConfigurationPlatforms) = postSolution
		{A9FAE15D-BBC7-4B8F-A220-5542FD0CAECD}.Debug|x64.ActiveCfg = Debug|x64
		{A9FAE15D-BBC7-4B8F-A220-5542FD0CAECD}.Debug|x64.Build.0 = Debug|x64
		{A9FAE15D-BBC7-4B8F-A220-5542FD0CAECD}.Debug|x86.ActiveCfg = Debug|Win32
		{A9FAE15D-BBC7-4B8F-A220-5542FD0CAECD}.Debug|x86.Build.0 = Debug|Win32
		{A9FAE15D-BBC7-4B8F-A220-5542FD0CAECD}.Release|x64.ActiveCfg = Release|x64
		{A9FAE15D-BBC7-4B8F-A220-5542FD0CAECD}.Release|x64.Build.0 = Release|x64
		{A9FAE15D-BBC7-4B8F-A220-5542FD0CAECD}.Release|x86.ActiveCfg = Release|Win32
		{A9FAE15D-BBC7-4B8F-A220-5542FD0CAECD}.Release|x86.Build.0 = Release|Win32
	EndGlobalSection
	GlobalSection(SolutionProperties) = preSolution
		HideSolutionNode = FALSE
	EndGlobalSection
	GlobalSection(ExtensibilityGlobals) = postSolution
		SolutionGuid = {F761896A-1D8A-47DD-B854-E98A23340A44}
	EndGlobalSection
EndGlobal
